
Microsoft Visual Studio Solution File, Format Version 12.00
# Visual Studio Version 16
VisualStudioVersion = 16.0.31829.152
MinimumVisualStudioVersion = 10.0.40219.1
Project("{FAE04EC0-301F-11D3-BF4B-00C04F79EFBC}") = "NsaWebApp", "NsaWebApp\NsaWebApp.csproj", "{836C51CB-E3AF-47EB-AE67-0EA780D6B5D8}"
EndProject
Global
	GlobalSection(SolutionConfigurationPlatforms) = preSolution
		Debug|Any CPU = Debug|Any CPU
		Release|Any CPU = Release|Any CPU
	EndGlobalSection
	GlobalSection(ProjectConfigurationPlatforms) = postSolution
		{836C51CB-E3AF-47EB-AE67-0EA780D6B5D8}.Debug|Any CPU.ActiveCfg = Debug|Any CPU
		{836C51CB-E3AF-47EB-AE67-0EA780D6B5D8}.Debug|Any CPU.Build.0 = Debug|Any CPU
		{836C51CB-E3AF-47EB-AE67-0EA780D6B5D8}.Release|Any CPU.ActiveCfg = Release|Any CPU
		{836C51CB-E3AF-47EB-AE67-0EA780D6B5D8}.Release|Any CPU.Build.0 = Release|Any CPU
	EndGlobalSection
	GlobalSection(SolutionProperties) = preSolution
		HideSolutionNode = FALSE
	EndGlobalSection
	GlobalSection(ExtensibilityGlobals) = postSolution
		SolutionGuid = {8855AE3E-D90E-457E-B74E-7011794370A8}
	EndGlobalSection
EndGlobal
